// !$*UTF8*$!
{
	archiveVersion = 1;
	classes = {
	};
	objectVersion = 56;
	objects = {

/* Begin PBXBuildFile section */
		8F08F219AA5342117089C518 /* Pods_OrderOrganizer.framework in Frameworks */ = {isa = PBXBuildFile; fileRef = 7C61DC43C43067745629C107 /* Pods_OrderOrganizer.framework */; };
		AA08B49A291467D7002441B4 /* OrderOrganizerViews.swift in Sources */ = {isa = PBXBuildFile; fileRef = AA08B499291467D7002441B4 /* OrderOrganizerViews.swift */; };
		AA08B49C29198FF2002441B4 /* OrdersViewModel.swift in Sources */ = {isa = PBXBuildFile; fileRef = AA08B49B29198FF2002441B4 /* OrdersViewModel.swift */; };
		AA08B49E2919925B002441B4 /* Table.swift in Sources */ = {isa = PBXBuildFile; fileRef = AA08B49D2919925B002441B4 /* Table.swift */; };
		AA79116C2919BB2B006A08EB /* OrderOrganizerApp.swift in Sources */ = {isa = PBXBuildFile; fileRef = AA79116B2919BB2B006A08EB /* OrderOrganizerApp.swift */; };
		AA79116E2919BB37006A08EB /* GoogleService-Info.plist in Resources */ = {isa = PBXBuildFile; fileRef = AA79116D2919BB37006A08EB /* GoogleService-Info.plist */; };
		AA791174291AA85A006A08EB /* Dish.swift in Sources */ = {isa = PBXBuildFile; fileRef = AA791173291AA85A006A08EB /* Dish.swift */; };
		AA79117C291C36DA006A08EB /* MenuView.swift in Sources */ = {isa = PBXBuildFile; fileRef = AA79117B291C36DA006A08EB /* MenuView.swift */; };
		AA79117E291C57B6006A08EB /* Order.swift in Sources */ = {isa = PBXBuildFile; fileRef = AA79117D291C57B6006A08EB /* Order.swift */; };
		AA96E835291174600044E0CD /* ContentView.swift in Sources */ = {isa = PBXBuildFile; fileRef = AA96E834291174600044E0CD /* ContentView.swift */; };
		AA96E837291174610044E0CD /* Assets.xcassets in Resources */ = {isa = PBXBuildFile; fileRef = AA96E836291174610044E0CD /* Assets.xcassets */; };
		AA96E83A291174610044E0CD /* Preview Assets.xcassets in Resources */ = {isa = PBXBuildFile; fileRef = AA96E839291174610044E0CD /* Preview Assets.xcassets */; };
		AA96E8472911980A0044E0CD /* GardenView.swift in Sources */ = {isa = PBXBuildFile; fileRef = AA96E8462911980A0044E0CD /* GardenView.swift */; };
		AA96E849291198170044E0CD /* FloorView.swift in Sources */ = {isa = PBXBuildFile; fileRef = AA96E848291198170044E0CD /* FloorView.swift */; };
		AA96E84B2911981F0044E0CD /* TerraceView.swift in Sources */ = {isa = PBXBuildFile; fileRef = AA96E84A2911981F0044E0CD /* TerraceView.swift */; };
		AAF0B3092942A43B00BE07E6 /* Item.swift in Sources */ = {isa = PBXBuildFile; fileRef = AAF0B3082942A43B00BE07E6 /* Item.swift */; };
		AAF0B30B2942A45D00BE07E6 /* Cart.swift in Sources */ = {isa = PBXBuildFile; fileRef = AAF0B30A2942A45D00BE07E6 /* Cart.swift */; };
/* End PBXBuildFile section */

/* Begin PBXFileReference section */
		7C61DC43C43067745629C107 /* Pods_OrderOrganizer.framework */ = {isa = PBXFileReference; explicitFileType = wrapper.framework; includeInIndex = 0; path = Pods_OrderOrganizer.framework; sourceTree = BUILT_PRODUCTS_DIR; };
		9699675D6B93E43C40EC25EF /* Pods-OrderOrganizer.release.xcconfig */ = {isa = PBXFileReference; includeInIndex = 1; lastKnownFileType = text.xcconfig; name = "Pods-OrderOrganizer.release.xcconfig"; path = "Target Support Files/Pods-OrderOrganizer/Pods-OrderOrganizer.release.xcconfig"; sourceTree = "<group>"; };
		AA08B499291467D7002441B4 /* OrderOrganizerViews.swift */ = {isa = PBXFileReference; lastKnownFileType = sourcecode.swift; path = OrderOrganizerViews.swift; sourceTree = "<group>"; };
		AA08B49B29198FF2002441B4 /* OrdersViewModel.swift */ = {isa = PBXFileReference; lastKnownFileType = sourcecode.swift; path = OrdersViewModel.swift; sourceTree = "<group>"; };
		AA08B49D2919925B002441B4 /* Table.swift */ = {isa = PBXFileReference; lastKnownFileType = sourcecode.swift; path = Table.swift; sourceTree = "<group>"; };
		AA79116B2919BB2B006A08EB /* OrderOrganizerApp.swift */ = {isa = PBXFileReference; fileEncoding = 4; lastKnownFileType = sourcecode.swift; path = OrderOrganizerApp.swift; sourceTree = "<group>"; };
		AA79116D2919BB37006A08EB /* GoogleService-Info.plist */ = {isa = PBXFileReference; fileEncoding = 4; lastKnownFileType = text.plist.xml; path = "GoogleService-Info.plist"; sourceTree = "<group>"; };
		AA791173291AA85A006A08EB /* Dish.swift */ = {isa = PBXFileReference; lastKnownFileType = sourcecode.swift; path = Dish.swift; sourceTree = "<group>"; };
		AA79117B291C36DA006A08EB /* MenuView.swift */ = {isa = PBXFileReference; lastKnownFileType = sourcecode.swift; path = MenuView.swift; sourceTree = "<group>"; };
		AA79117D291C57B6006A08EB /* Order.swift */ = {isa = PBXFileReference; lastKnownFileType = sourcecode.swift; path = Order.swift; sourceTree = "<group>"; };
		AA96E82F291174600044E0CD /* OrderOrganizer.app */ = {isa = PBXFileReference; explicitFileType = wrapper.application; includeInIndex = 0; path = OrderOrganizer.app; sourceTree = BUILT_PRODUCTS_DIR; };
		AA96E834291174600044E0CD /* ContentView.swift */ = {isa = PBXFileReference; lastKnownFileType = sourcecode.swift; path = ContentView.swift; sourceTree = "<group>"; };
		AA96E836291174610044E0CD /* Assets.xcassets */ = {isa = PBXFileReference; lastKnownFileType = folder.assetcatalog; path = Assets.xcassets; sourceTree = "<group>"; };
		AA96E839291174610044E0CD /* Preview Assets.xcassets */ = {isa = PBXFileReference; lastKnownFileType = folder.assetcatalog; path = "Preview Assets.xcassets"; sourceTree = "<group>"; };
		AA96E8462911980A0044E0CD /* GardenView.swift */ = {isa = PBXFileReference; lastKnownFileType = sourcecode.swift; path = GardenView.swift; sourceTree = "<group>"; };
		AA96E848291198170044E0CD /* FloorView.swift */ = {isa = PBXFileReference; lastKnownFileType = sourcecode.swift; path = FloorView.swift; sourceTree = "<group>"; };
		AA96E84A2911981F0044E0CD /* TerraceView.swift */ = {isa = PBXFileReference; lastKnownFileType = sourcecode.swift; path = TerraceView.swift; sourceTree = "<group>"; };
		AAF0B3082942A43B00BE07E6 /* Item.swift */ = {isa = PBXFileReference; lastKnownFileType = sourcecode.swift; path = Item.swift; sourceTree = "<group>"; };
		AAF0B30A2942A45D00BE07E6 /* Cart.swift */ = {isa = PBXFileReference; lastKnownFileType = sourcecode.swift; path = Cart.swift; sourceTree = "<group>"; };
		C3755EB1E83076932A89AB18 /* Pods-OrderOrganizer.debug.xcconfig */ = {isa = PBXFileReference; includeInIndex = 1; lastKnownFileType = text.xcconfig; name = "Pods-OrderOrganizer.debug.xcconfig"; path = "Target Support Files/Pods-OrderOrganizer/Pods-OrderOrganizer.debug.xcconfig"; sourceTree = "<group>"; };
/* End PBXFileReference section */

/* Begin PBXFrameworksBuildPhase section */
		AA96E82C291174600044E0CD /* Frameworks */ = {
			isa = PBXFrameworksBuildPhase;
			buildActionMask = 2147483647;
			files = (
				8F08F219AA5342117089C518 /* Pods_OrderOrganizer.framework in Frameworks */,
			);
			runOnlyForDeploymentPostprocessing = 0;
		};
/* End PBXFrameworksBuildPhase section */

/* Begin PBXGroup section */
		1397A7FCEBE0310F7D43B491 /* Frameworks */ = {
			isa = PBXGroup;
			children = (
				7C61DC43C43067745629C107 /* Pods_OrderOrganizer.framework */,
			);
			name = Frameworks;
			sourceTree = "<group>";
		};
		2A21D79D6A0FF09585B8A75C /* Pods */ = {
			isa = PBXGroup;
			children = (
				C3755EB1E83076932A89AB18 /* Pods-OrderOrganizer.debug.xcconfig */,
				9699675D6B93E43C40EC25EF /* Pods-OrderOrganizer.release.xcconfig */,
			);
			path = Pods;
			sourceTree = "<group>";
		};
		AA96E826291174600044E0CD = {
			isa = PBXGroup;
			children = (
				AA79116D2919BB37006A08EB /* GoogleService-Info.plist */,
				AA79116B2919BB2B006A08EB /* OrderOrganizerApp.swift */,
				AA96E842291193F20044E0CD /* Views */,
				AA96E843291194070044E0CD /* ViewModels */,
				AA96E8452911942C0044E0CD /* Models */,
				AA96E831291174600044E0CD /* OrderOrganizer */,
				AA96E830291174600044E0CD /* Products */,
				2A21D79D6A0FF09585B8A75C /* Pods */,
				1397A7FCEBE0310F7D43B491 /* Frameworks */,
			);
			sourceTree = "<group>";
		};
		AA96E830291174600044E0CD /* Products */ = {
			isa = PBXGroup;
			children = (
				AA96E82F291174600044E0CD /* OrderOrganizer.app */,
			);
			name = Products;
			sourceTree = "<group>";
		};
		AA96E831291174600044E0CD /* OrderOrganizer */ = {
			isa = PBXGroup;
			children = (
				AA96E836291174610044E0CD /* Assets.xcassets */,
				AA96E838291174610044E0CD /* Preview Content */,
			);
			path = OrderOrganizer;
			sourceTree = "<group>";
		};
		AA96E838291174610044E0CD /* Preview Content */ = {
			isa = PBXGroup;
			children = (
				AA96E839291174610044E0CD /* Preview Assets.xcassets */,
			);
			path = "Preview Content";
			sourceTree = "<group>";
		};
		AA96E842291193F20044E0CD /* Views */ = {
			isa = PBXGroup;
			children = (
				AA96E834291174600044E0CD /* ContentView.swift */,
				AA96E8462911980A0044E0CD /* GardenView.swift */,
				AA96E848291198170044E0CD /* FloorView.swift */,
				AA96E84A2911981F0044E0CD /* TerraceView.swift */,
				AA08B499291467D7002441B4 /* OrderOrganizerViews.swift */,
				AA79117B291C36DA006A08EB /* MenuView.swift */,
			);
			path = Views;
			sourceTree = "<group>";
		};
		AA96E843291194070044E0CD /* ViewModels */ = {
			isa = PBXGroup;
			children = (
				AA08B49B29198FF2002441B4 /* OrdersViewModel.swift */,
			);
			path = ViewModels;
			sourceTree = "<group>";
		};
		AA96E8452911942C0044E0CD /* Models */ = {
			isa = PBXGroup;
			children = (
				AA08B49D2919925B002441B4 /* Table.swift */,
				AA791173291AA85A006A08EB /* Dish.swift */,
				AA79117D291C57B6006A08EB /* Order.swift */,
				AAF0B3082942A43B00BE07E6 /* Item.swift */,
				AAF0B30A2942A45D00BE07E6 /* Cart.swift */,
			);
			path = Models;
			sourceTree = "<group>";
		};
/* End PBXGroup section */

/* Begin PBXNativeTarget section */
		AA96E82E291174600044E0CD /* OrderOrganizer */ = {
			isa = PBXNativeTarget;
			buildConfigurationList = AA96E83D291174610044E0CD /* Build configuration list for PBXNativeTarget "OrderOrganizer" */;
			buildPhases = (
				C62C8B1BBF085DE6142178CF /* [CP] Check Pods Manifest.lock */,
				AA96E82B291174600044E0CD /* Sources */,
				AA96E82C291174600044E0CD /* Frameworks */,
				AA96E82D291174600044E0CD /* Resources */,
				C5A04767DDC256BF8E47B01B /* [CP] Embed Pods Frameworks */,
			);
			buildRules = (
			);
			dependencies = (
			);
			name = OrderOrganizer;
			productName = OrderOrganizer;
			productReference = AA96E82F291174600044E0CD /* OrderOrganizer.app */;
			productType = "com.apple.product-type.application";
		};
/* End PBXNativeTarget section */

/* Begin PBXProject section */
		AA96E827291174600044E0CD /* Project object */ = {
			isa = PBXProject;
			attributes = {
				BuildIndependentTargetsInParallel = 1;
				LastSwiftUpdateCheck = 1400;
				LastUpgradeCheck = 1400;
				TargetAttributes = {
					AA96E82E291174600044E0CD = {
						CreatedOnToolsVersion = 14.0.1;
					};
				};
			};
			buildConfigurationList = AA96E82A291174600044E0CD /* Build configuration list for PBXProject "OrderOrganizer" */;
			compatibilityVersion = "Xcode 14.0";
			developmentRegion = en;
			hasScannedForEncodings = 0;
			knownRegions = (
				en,
				Base,
			);
			mainGroup = AA96E826291174600044E0CD;
			productRefGroup = AA96E830291174600044E0CD /* Products */;
			projectDirPath = "";
			projectRoot = "";
			targets = (
				AA96E82E291174600044E0CD /* OrderOrganizer */,
			);
		};
/* End PBXProject section */

/* Begin PBXResourcesBuildPhase section */
		AA96E82D291174600044E0CD /* Resources */ = {
			isa = PBXResourcesBuildPhase;
			buildActionMask = 2147483647;
			files = (
				AA96E83A291174610044E0CD /* Preview Assets.xcassets in Resources */,
				AA96E837291174610044E0CD /* Assets.xcassets in Resources */,
				AA79116E2919BB37006A08EB /* GoogleService-Info.plist in Resources */,
			);
			runOnlyForDeploymentPostprocessing = 0;
		};
/* End PBXResourcesBuildPhase section */

/* Begin PBXShellScriptBuildPhase section */
		C5A04767DDC256BF8E47B01B /* [CP] Embed Pods Frameworks */ = {
			isa = PBXShellScriptBuildPhase;
			buildActionMask = 2147483647;
			files = (
			);
			inputFileListPaths = (
				"${PODS_ROOT}/Target Support Files/Pods-OrderOrganizer/Pods-OrderOrganizer-frameworks-${CONFIGURATION}-input-files.xcfilelist",
			);
			name = "[CP] Embed Pods Frameworks";
			outputFileListPaths = (
				"${PODS_ROOT}/Target Support Files/Pods-OrderOrganizer/Pods-OrderOrganizer-frameworks-${CONFIGURATION}-output-files.xcfilelist",
			);
			runOnlyForDeploymentPostprocessing = 0;
			shellPath = /bin/sh;
			shellScript = "\"${PODS_ROOT}/Target Support Files/Pods-OrderOrganizer/Pods-OrderOrganizer-frameworks.sh\"\n";
			showEnvVarsInLog = 0;
		};
		C62C8B1BBF085DE6142178CF /* [CP] Check Pods Manifest.lock */ = {
			isa = PBXShellScriptBuildPhase;
			buildActionMask = 2147483647;
			files = (
			);
			inputFileListPaths = (
			);
			inputPaths = (
				"${PODS_PODFILE_DIR_PATH}/Podfile.lock",
				"${PODS_ROOT}/Manifest.lock",
			);
			name = "[CP] Check Pods Manifest.lock";
			outputFileListPaths = (
			);
			outputPaths = (
				"$(DERIVED_FILE_DIR)/Pods-OrderOrganizer-checkManifestLockResult.txt",
			);
			runOnlyForDeploymentPostprocessing = 0;
			shellPath = /bin/sh;
			shellScript = "diff \"${PODS_PODFILE_DIR_PATH}/Podfile.lock\" \"${PODS_ROOT}/Manifest.lock\" > /dev/null\nif [ $? != 0 ] ; then\n    # print error to STDERR\n    echo \"error: The sandbox is not in sync with the Podfile.lock. Run 'pod install' or update your CocoaPods installation.\" >&2\n    exit 1\nfi\n# This output is used by Xcode 'outputs' to avoid re-running this script phase.\necho \"SUCCESS\" > \"${SCRIPT_OUTPUT_FILE_0}\"\n";
			showEnvVarsInLog = 0;
		};
/* End PBXShellScriptBuildPhase section */

/* Begin PBXSourcesBuildPhase section */
		AA96E82B291174600044E0CD /* Sources */ = {
			isa = PBXSourcesBuildPhase;
			buildActionMask = 2147483647;
			files = (
				AA79116C2919BB2B006A08EB /* OrderOrganizerApp.swift in Sources */,
				AAF0B30B2942A45D00BE07E6 /* Cart.swift in Sources */,
				AAF0B3092942A43B00BE07E6 /* Item.swift in Sources */,
				AA96E835291174600044E0CD /* ContentView.swift in Sources */,
				AA791174291AA85A006A08EB /* Dish.swift in Sources */,
				AA96E84B2911981F0044E0CD /* TerraceView.swift in Sources */,
				AA08B49E2919925B002441B4 /* Table.swift in Sources */,
				AA96E8472911980A0044E0CD /* GardenView.swift in Sources */,
				AA08B49A291467D7002441B4 /* OrderOrganizerViews.swift in Sources */,
				AA79117E291C57B6006A08EB /* Order.swift in Sources */,
				AA79117C291C36DA006A08EB /* MenuView.swift in Sources */,
				AA08B49C29198FF2002441B4 /* OrdersViewModel.swift in Sources */,
				AA96E849291198170044E0CD /* FloorView.swift in Sources */,
			);
			runOnlyForDeploymentPostprocessing = 0;
		};
/* End PBXSourcesBuildPhase section */

/* Begin XCBuildConfiguration section */
		AA96E83B291174610044E0CD /* Debug */ = {
			isa = XCBuildConfiguration;
			buildSettings = {
				ALWAYS_SEARCH_USER_PATHS = NO;
				CLANG_ANALYZER_NONNULL = YES;
				CLANG_ANALYZER_NUMBER_OBJECT_CONVERSION = YES_AGGRESSIVE;
				CLANG_CXX_LANGUAGE_STANDARD = "gnu++20";
				CLANG_ENABLE_MODULES = YES;
				CLANG_ENABLE_OBJC_ARC = YES;
				CLANG_ENABLE_OBJC_WEAK = YES;
				CLANG_WARN_BLOCK_CAPTURE_AUTORELEASING = YES;
				CLANG_WARN_BOOL_CONVERSION = YES;
				CLANG_WARN_COMMA = YES;
				CLANG_WARN_CONSTANT_CONVERSION = YES;
				CLANG_WARN_DEPRECATED_OBJC_IMPLEMENTATIONS = YES;
				CLANG_WARN_DIRECT_OBJC_ISA_USAGE = YES_ERROR;
				CLANG_WARN_DOCUMENTATION_COMMENTS = YES;
				CLANG_WARN_EMPTY_BODY = YES;
				CLANG_WARN_ENUM_CONVERSION = YES;
				CLANG_WARN_INFINITE_RECURSION = YES;
				CLANG_WARN_INT_CONVERSION = YES;
				CLANG_WARN_NON_LITERAL_NULL_CONVERSION = YES;
				CLANG_WARN_OBJC_IMPLICIT_RETAIN_SELF = YES;
				CLANG_WARN_OBJC_LITERAL_CONVERSION = YES;
				CLANG_WARN_OBJC_ROOT_CLASS = YES_ERROR;
				CLANG_WARN_QUOTED_INCLUDE_IN_FRAMEWORK_HEADER = YES;
				CLANG_WARN_RANGE_LOOP_ANALYSIS = YES;
				CLANG_WARN_STRICT_PROTOTYPES = YES;
				CLANG_WARN_SUSPICIOUS_MOVE = YES;
				CLANG_WARN_UNGUARDED_AVAILABILITY = YES_AGGRESSIVE;
				CLANG_WARN_UNREACHABLE_CODE = YES;
				CLANG_WARN__DUPLICATE_METHOD_MATCH = YES;
				COPY_PHASE_STRIP = NO;
				DEBUG_INFORMATION_FORMAT = dwarf;
				ENABLE_STRICT_OBJC_MSGSEND = YES;
				ENABLE_TESTABILITY = YES;
				GCC_C_LANGUAGE_STANDARD = gnu11;
				GCC_DYNAMIC_NO_PIC = NO;
				GCC_NO_COMMON_BLOCKS = YES;
				GCC_OPTIMIZATION_LEVEL = 0;
				GCC_PREPROCESSOR_DEFINITIONS = (
					"DEBUG=1",
					"$(inherited)",
				);
				GCC_WARN_64_TO_32_BIT_CONVERSION = YES;
				GCC_WARN_ABOUT_RETURN_TYPE = YES_ERROR;
				GCC_WARN_UNDECLARED_SELECTOR = YES;
				GCC_WARN_UNINITIALIZED_AUTOS = YES_AGGRESSIVE;
				GCC_WARN_UNUSED_FUNCTION = YES;
				GCC_WARN_UNUSED_VARIABLE = YES;
				IPHONEOS_DEPLOYMENT_TARGET = 16.0;
				MTL_ENABLE_DEBUG_INFO = INCLUDE_SOURCE;
				MTL_FAST_MATH = YES;
				ONLY_ACTIVE_ARCH = YES;
				SDKROOT = iphoneos;
				SWIFT_ACTIVE_COMPILATION_CONDITIONS = DEBUG;
				SWIFT_OPTIMIZATION_LEVEL = "-Onone";
			};
			name = Debug;
		};
		AA96E83C291174610044E0CD /* Release */ = {
			isa = XCBuildConfiguration;
			buildSettings = {
				ALWAYS_SEARCH_USER_PATHS = NO;
				CLANG_ANALYZER_NONNULL = YES;
				CLANG_ANALYZER_NUMBER_OBJECT_CONVERSION = YES_AGGRESSIVE;
				CLANG_CXX_LANGUAGE_STANDARD = "gnu++20";
				CLANG_ENABLE_MODULES = YES;
				CLANG_ENABLE_OBJC_ARC = YES;
				CLANG_ENABLE_OBJC_WEAK = YES;
				CLANG_WARN_BLOCK_CAPTURE_AUTORELEASING = YES;
				CLANG_WARN_BOOL_CONVERSION = YES;
				CLANG_WARN_COMMA = YES;
				CLANG_WARN_CONSTANT_CONVERSION = YES;
				CLANG_WARN_DEPRECATED_OBJC_IMPLEMENTATIONS = YES;
				CLANG_WARN_DIRECT_OBJC_ISA_USAGE = YES_ERROR;
				CLANG_WARN_DOCUMENTATION_COMMENTS = YES;
				CLANG_WARN_EMPTY_BODY = YES;
				CLANG_WARN_ENUM_CONVERSION = YES;
				CLANG_WARN_INFINITE_RECURSION = YES;
				CLANG_WARN_INT_CONVERSION = YES;
				CLANG_WARN_NON_LITERAL_NULL_CONVERSION = YES;
				CLANG_WARN_OBJC_IMPLICIT_RETAIN_SELF = YES;
				CLANG_WARN_OBJC_LITERAL_CONVERSION = YES;
				CLANG_WARN_OBJC_ROOT_CLASS = YES_ERROR;
				CLANG_WARN_QUOTED_INCLUDE_IN_FRAMEWORK_HEADER = YES;
				CLANG_WARN_RANGE_LOOP_ANALYSIS = YES;
				CLANG_WARN_STRICT_PROTOTYPES = YES;
				CLANG_WARN_SUSPICIOUS_MOVE = YES;
				CLANG_WARN_UNGUARDED_AVAILABILITY = YES_AGGRESSIVE;
				CLANG_WARN_UNREACHABLE_CODE = YES;
				CLANG_WARN__DUPLICATE_METHOD_MATCH = YES;
				COPY_PHASE_STRIP = NO;
				DEBUG_INFORMATION_FORMAT = "dwarf-with-dsym";
				ENABLE_NS_ASSERTIONS = NO;
				ENABLE_STRICT_OBJC_MSGSEND = YES;
				GCC_C_LANGUAGE_STANDARD = gnu11;
				GCC_NO_COMMON_BLOCKS = YES;
				GCC_WARN_64_TO_32_BIT_CONVERSION = YES;
				GCC_WARN_ABOUT_RETURN_TYPE = YES_ERROR;
				GCC_WARN_UNDECLARED_SELECTOR = YES;
				GCC_WARN_UNINITIALIZED_AUTOS = YES_AGGRESSIVE;
				GCC_WARN_UNUSED_FUNCTION = YES;
				GCC_WARN_UNUSED_VARIABLE = YES;
				IPHONEOS_DEPLOYMENT_TARGET = 16.0;
				MTL_ENABLE_DEBUG_INFO = NO;
				MTL_FAST_MATH = YES;
				SDKROOT = iphoneos;
				SWIFT_COMPILATION_MODE = wholemodule;
				SWIFT_OPTIMIZATION_LEVEL = "-O";
				VALIDATE_PRODUCT = YES;
			};
			name = Release;
		};
		AA96E83E291174610044E0CD /* Debug */ = {
			isa = XCBuildConfiguration;
			baseConfigurationReference = C3755EB1E83076932A89AB18 /* Pods-OrderOrganizer.debug.xcconfig */;
			buildSettings = {
				ASSETCATALOG_COMPILER_APPICON_NAME = AppIcon;
				ASSETCATALOG_COMPILER_GLOBAL_ACCENT_COLOR_NAME = AccentColor;
				CODE_SIGN_STYLE = Automatic;
				CURRENT_PROJECT_VERSION = 1;
				DEVELOPMENT_ASSET_PATHS = "\"OrderOrganizer/Preview Content\"";
				DEVELOPMENT_TEAM = 6A384JRBKL;
				ENABLE_PREVIEWS = YES;
				GENERATE_INFOPLIST_FILE = YES;
				INFOPLIST_KEY_UIApplicationSceneManifest_Generation = YES;
				INFOPLIST_KEY_UIApplicationSupportsIndirectInputEvents = YES;
				INFOPLIST_KEY_UILaunchScreen_Generation = YES;
				INFOPLIST_KEY_UISupportedInterfaceOrientations_iPad = "UIInterfaceOrientationPortrait UIInterfaceOrientationPortraitUpsideDown UIInterfaceOrientationLandscapeLeft UIInterfaceOrientationLandscapeRight";
				INFOPLIST_KEY_UISupportedInterfaceOrientations_iPhone = "UIInterfaceOrientationPortrait UIInterfaceOrientationLandscapeLeft UIInterfaceOrientationLandscapeRight";
				LD_RUNPATH_SEARCH_PATHS = (
					"$(inherited)",
					"@executable_path/Frameworks",
				);
				MARKETING_VERSION = 1.0;
				PRODUCT_BUNDLE_IDENTIFIER = sayani.aafrin.OrderOrganizer;
				PRODUCT_NAME = "$(TARGET_NAME)";
				SWIFT_EMIT_LOC_STRINGS = YES;
				SWIFT_VERSION = 5.0;
				TARGETED_DEVICE_FAMILY = "1,2";
			};
			name = Debug;
		};
		AA96E83F291174610044E0CD /* Release */ = {
			isa = XCBuildConfiguration;
			baseConfigurationReference = 9699675D6B93E43C40EC25EF /* Pods-OrderOrganizer.release.xcconfig */;
			buildSettings = {
				ASSETCATALOG_COMPILER_APPICON_NAME = AppIcon;
				ASSETCATALOG_COMPILER_GLOBAL_ACCENT_COLOR_NAME = AccentColor;
				CODE_SIGN_STYLE = Automatic;
				CURRENT_PROJECT_VERSION = 1;
				DEVELOPMENT_ASSET_PATHS = "\"OrderOrganizer/Preview Content\"";
				DEVELOPMENT_TEAM = 6A384JRBKL;
				ENABLE_PREVIEWS = YES;
				GENERATE_INFOPLIST_FILE = YES;
				INFOPLIST_KEY_UIApplicationSceneManifest_Generation = YES;
				INFOPLIST_KEY_UIApplicationSupportsIndirectInputEvents = YES;
				INFOPLIST_KEY_UILaunchScreen_Generation = YES;
				INFOPLIST_KEY_UISupportedInterfaceOrientations_iPad = "UIInterfaceOrientationPortrait UIInterfaceOrientationPortraitUpsideDown UIInterfaceOrientationLandscapeLeft UIInterfaceOrientationLandscapeRight";
				INFOPLIST_KEY_UISupportedInterfaceOrientations_iPhone = "UIInterfaceOrientationPortrait UIInterfaceOrientationLandscapeLeft UIInterfaceOrientationLandscapeRight";
				LD_RUNPATH_SEARCH_PATHS = (
					"$(inherited)",
					"@executable_path/Frameworks",
				);
				MARKETING_VERSION = 1.0;
				PRODUCT_BUNDLE_IDENTIFIER = sayani.aafrin.OrderOrganizer;
				PRODUCT_NAME = "$(TARGET_NAME)";
				SWIFT_EMIT_LOC_STRINGS = YES;
				SWIFT_VERSION = 5.0;
				TARGETED_DEVICE_FAMILY = "1,2";
			};
			name = Release;
		};
/* End XCBuildConfiguration section */

/* Begin XCConfigurationList section */
		AA96E82A291174600044E0CD /* Build configuration list for PBXProject "OrderOrganizer" */ = {
			isa = XCConfigurationList;
			buildConfigurations = (
				AA96E83B291174610044E0CD /* Debug */,
				AA96E83C291174610044E0CD /* Release */,
			);
			defaultConfigurationIsVisible = 0;
			defaultConfigurationName = Release;
		};
		AA96E83D291174610044E0CD /* Build configuration list for PBXNativeTarget "OrderOrganizer" */ = {
			isa = XCConfigurationList;
			buildConfigurations = (
				AA96E83E291174610044E0CD /* Debug */,
				AA96E83F291174610044E0CD /* Release */,
			);
			defaultConfigurationIsVisible = 0;
			defaultConfigurationName = Release;
		};
/* End XCConfigurationList section */
	};
	rootObject = AA96E827291174600044E0CD /* Project object */;
}
